lockfileVersion: '9.0'

settings:
  autoInstallPeers: true
  excludeLinksFromLockfile: false

importers:

  .:
    devDependencies:
      fast-check:
        specifier: 4.10.1
        version: 4.10.1

packages:

  fast-check@4.10.1:
    resolution: {integrity: sha512-sB5Vghiu8MyCyToHoBVGsT0baZg3sZWNIY+a6Ct2EDrQJlT4YdH6MC1BSLNe3kX1k5i5g0q1O52XFgcKK/rGHg==}
    engines: {node: '>=12.17.0'}

  pure-rand@8.4.0:
    resolution: {integrity: sha512-IoM8YF/jY0hiugFo/wOWqfmarlE6J0wc6fDK1PhftMk7MGhVZl88sZimmqBBFomLOCSmcCCpsfj7wXASCpvK9A==}

snapshots:

  fast-check@4.10.1:
    dependencies:
      pure-rand: 8.4.0

  pure-rand@8.4.0: {}
