lockfileVersion: '9.0'

settings:
  autoInstallPeers: true
  excludeLinksFromLockfile: false

importers:

  .:
    devDependencies:
      fast-check:
        specifier: 4.10.0
        version: 4.10.0

packages:

  fast-check@4.10.0:
    resolution: {integrity: sha512-hhqQL+IJllZi3aM4TKvmCj3bywLEcycNTTLZeLhA9ttMxBrCqM07q7Di4kl+j9EWSTXvJH1+EpIgsDbF/+8H5Q==}
    engines: {node: '>=12.17.0'}

  pure-rand@8.4.0:
    resolution: {integrity: sha512-IoM8YF/jY0hiugFo/wOWqfmarlE6J0wc6fDK1PhftMk7MGhVZl88sZimmqBBFomLOCSmcCCpsfj7wXASCpvK9A==}

snapshots:

  fast-check@4.10.0:
    dependencies:
      pure-rand: 8.4.0

  pure-rand@8.4.0: {}
